
Microsoft Visual Studio Solution File, Format Version 12.00
# Visual Studio Version 17
VisualStudioVersion = 17.9.34723.18
MinimumVisualStudioVersion = 10.0.40219.1
Project("{FAE04EC0-301F-11D3-BF4B-00C04F79EFBC}") = "TimesTable Project", "TimesTable Project\TimesTable Project.csproj", "{185BEFCD-99EB-49D6-A04B-D4E56007EE10}"
EndProject
Global
	GlobalSection(SolutionConfigurationPlatforms) = preSolution
		Debug|Any CPU = Debug|Any CPU
		Release|Any CPU = Release|Any CPU
	EndGlobalSection
	GlobalSection(ProjectConfigurationPlatforms) = postSolution
		{185BEFCD-99EB-49D6-A04B-D4E56007EE10}.Debug|Any CPU.ActiveCfg = Debug|Any CPU
		{185BEFCD-99EB-49D6-A04B-D4E56007EE10}.Debug|Any CPU.Build.0 = Debug|Any CPU
		{185BEFCD-99EB-49D6-A04B-D4E56007EE10}.Release|Any CPU.ActiveCfg = Release|Any CPU
		{185BEFCD-99EB-49D6-A04B-D4E56007EE10}.Release|Any CPU.Build.0 = Release|Any CPU
	EndGlobalSection
	GlobalSection(SolutionProperties) = preSolution
		HideSolutionNode = FALSE
	EndGlobalSection
	GlobalSection(ExtensibilityGlobals) = postSolution
		SolutionGuid = {1AC7D70B-88D5-4B40-9C6D-312E7E54838A}
	EndGlobalSection
EndGlobal
